{
    "_meta": {
        "hash": {
            "sha256": "948a24ae015ff4357496dc9c1923da385393dec0c6cae653db7c483e8e30c72b"
        },
        "pipfile-spec": 6,
        "requires": {
            "python_version": "3.9"
        },
        "sources": [
            {
                "name": "pypi",
                "url": "https://pypi.org/simple",
                "verify_ssl": true
            }
        ]
    },
    "default": {
        "enum34": {
            "hashes": [
                "sha256:a98a201d6de3f2ab3db284e70a33b0f896fbf35f8086594e8c9e74b909058d53",
                "sha256:c3858660960c984d6ab0ebad691265180da2b43f07e061c0f8dca9ef3cffd328",
                "sha256:cce6a7477ed816bd2542d03d53db9f0db935dd013b70f336a95c73979289f248"
            ],
            "version": "==1.1.10"
        },
        "mido": {
            "hashes": [
                "sha256:0e618232063e0a220249da4961563c7636fea00096cfb3e2b87a4231f0ac1a9e",
                "sha256:17b38a8e4594497b850ec6e78b848eac3661706bfc49d484a36d91335a373499"
            ],
            "index": "pypi",
            "version": "==1.2.10"
        },
        "numpy": {
            "hashes": [
                "sha256:07a8c89a04997625236c5ecb7afe35a02af3896c8aa01890a849913a2309c676",
                "sha256:08d9b008d0156c70dc392bb3ab3abb6e7a711383c3247b410b39962263576cd4",
                "sha256:201b4d0552831f7250a08d3b38de0d989d6f6e4658b709a02a73c524ccc6ffce",
                "sha256:2c10a93606e0b4b95c9b04b77dc349b398fdfbda382d2a39ba5a822f669a0123",
                "sha256:3ca688e1b9b95d80250bca34b11a05e389b1420d00e87a0d12dc45f131f704a1",
                "sha256:48a3aecd3b997bf452a2dedb11f4e79bc5bfd21a1d4cc760e703c31d57c84b3e",
                "sha256:568dfd16224abddafb1cbcce2ff14f522abe037268514dd7e42c6776a1c3f8e5",
                "sha256:5bfb1bb598e8229c2d5d48db1860bcf4311337864ea3efdbe1171fb0c5da515d",
                "sha256:639b54cdf6aa4f82fe37ebf70401bbb74b8508fddcf4797f9fe59615b8c5813a",
                "sha256:8251ed96f38b47b4295b1ae51631de7ffa8260b5b087808ef09a39a9d66c97ab",
                "sha256:92bfa69cfbdf7dfc3040978ad09a48091143cffb778ec3b03fa170c494118d75",
                "sha256:97098b95aa4e418529099c26558eeb8486e66bd1e53a6b606d684d0c3616b168",
                "sha256:a3bae1a2ed00e90b3ba5f7bd0a7c7999b55d609e0c54ceb2b076a25e345fa9f4",
                "sha256:c34ea7e9d13a70bf2ab64a2532fe149a9aced424cd05a2c4ba662fd989e3e45f",
                "sha256:dbc7601a3b7472d559dc7b933b18b4b66f9aa7452c120e87dfb33d02008c8a18",
                "sha256:e7927a589df200c5e23c57970bafbd0cd322459aa7b1ff73b7c2e84d6e3eae62",
                "sha256:f8c1f39caad2c896bc0018f699882b345b2a63708008be29b1f355ebf6f933fe",
                "sha256:f950f8845b480cffe522913d35567e29dd381b0dc7e4ce6a4a9f9156417d2430",
                "sha256:fade0d4f4d292b6f39951b6836d7a3c7ef5b2347f3c420cd9820a1d90d794802",
                "sha256:fdf3c08bce27132395d3c3ba1503cac12e17282358cb4bddc25cc46b0aca07aa"
            ],
            "markers": "python_version >= '3.8'",
            "version": "==1.22.3"
        },
        "py-midi": {
            "hashes": [
                "sha256:3bbc896f4bd7ee55e595a2300e173e95522c87964f3acbee705a3d160bfdeac6"
            ],
            "index": "pypi",
            "version": "==2.0.1"
        },
        "pyaudio": {
            "hashes": [
                "sha256:0d92f6a294565260a282f7c9a0b0d309fc8cc988b5ee5b50645634ab9e2da7f7",
                "sha256:259bb9c1363be895b4f9a97e320a6017dd06bc540728c1a04eb4a7b6fe75035b",
                "sha256:2a19bdb8ec1445b4f3e4b7b109e0e4cec1fd1f1ce588592aeb6db0b58d4fb3b0",
                "sha256:51b558d1b28c68437b53218279110db44f69f3f5dd3d81859f569a4a96962bdc",
                "sha256:589bfad2c615dd4b5d3757e763019c42ab82f06fba5cae64ec02fd7f5ae407ed",
                "sha256:8f89075b4844ea94dde0c951c2937581c989fabd4df09bfd3f075035f50955df",
                "sha256:93bfde30e0b64e63a46f2fd77e85c41fd51182a4a3413d9edfaf9ffaa26efb74",
                "sha256:cf1543ba50bd44ac0d0ab5c035bb9c3127eb76047ff12235149d9adf86f532b6",
                "sha256:f78d543a98b730e64621ebf7f3e2868a79ade0a373882ef51c0293455ffa8e6e"
            ],
            "index": "pypi",
            "version": "==0.2.11"
        },
        "pygame": {
            "hashes": [
                "sha256:0427c103f741234336e5606d2fad86f5403c1a3d1dc55c309fbff3c984f0c9ae",
                "sha256:07ca9f683075aea9bd977af9f09a720ebf747343d3ea8103e4f1735283b02330",
                "sha256:0e06ae8e1c830f1b9c36a2bc6bb11de840232e95b78e2c349c6ed803a303be19",
                "sha256:0e97d38308c441942577fea7fcd1326308bc56d6be6c024218e94d075d322e0f",
                "sha256:119dee20c372c85dc47b717119534d15a60c64ceab8b0eb09278866d10486afe",
                "sha256:1219a963941bd53aa754e8449364c142004fe706c33a9c22ff2a76521a82d078",
                "sha256:1fddec8829e96424800c806582d73a5173b7d48946cccf7d035839ca09850db8",
                "sha256:20676da24e3e3e6b9fc4eecc7ba09d77ef46c3a83a028763ba1d222476c2e3fb",
                "sha256:2405414d8c572668e04739875661e030a0c588e197fa95463fe301c3d0a0510b",
                "sha256:24254c4244f0d9bdc904f5d3f38e86757ca4c6aa0e44a6d55ef5e016bc7274d6",
                "sha256:24b4f7f30fa2b3d092b60be6fcc725fb91d569fc87a9bcc91614ee8b0c005726",
                "sha256:3bb0674aa789848ddc264bfc60c54965bf3bb659c141de4f600e379acc9b944c",
                "sha256:3c8d6637ff75351e581327efefa9d04eeb0f257b533392b6cc6b15ceca4f7c5e",
                "sha256:40e4d8d65985bb467d9c5a1305fb53fd6820c61d764979600becab973339676f",
                "sha256:4aa3ae32320cc704d63e185864e44f6265c2a6e52c9384afe152cc3d51b3a2ef",
                "sha256:50d9a21edd551669862c27c9272747401b20b1939abaacb842c08ea1cdd1c04d",
                "sha256:5c7600bf307de1ca1dca0cc7840e34604d5b0b0a5a5dad345c3fa62b054b886d",
                "sha256:5d0c14152d0ca8ef5fbcc5ed9981462bdf59a9ae85a291e62d8a8d0b7e5cbe43",
                "sha256:5e88b0d4338b94960686f59396f23f7f684fed4859fcc3b9f40286d72c1c61af",
                "sha256:5ebbefb8b576572c8fc97a3321d37dc2b4afea6b6e3877a67f7158d8c2c4cefe",
                "sha256:636f51f56615d67459b11918206bb4da30cd7d7042027bf997c218ccd6c77902",
                "sha256:660c80c0b2e80f1f801715583b759fb4c7bc0c11eb3b534e89c9fc4bfbc38acd",
                "sha256:6ecda8dd4583982bb65f9c682f244a5e94524dcf628379766227e9ed97201a49",
                "sha256:754c2906f2ef47173a14493e1de116b2a56a2c8e1764f1202ba844d080248a5b",
                "sha256:7889dce887ec83c9a0bef8d9eb3669d8863fdaf37c45bacec707d8ad90b24a38",
                "sha256:7fdb93b4282962c9a2ebf1af994ee698be823dd913218ed97a5f2fb372b10b66",
                "sha256:8e87716114e97322fb177e223d889a4be369a0f73212f4f8507fe0cd43253b23",
                "sha256:93c4cbfc942dd00410eaa9e84252129f9f9993f37f683006d7b49ab245342254",
                "sha256:9649419254d3282dae41f23837de4108b17bc62187c3acd8af2ae3801b765cbd",
                "sha256:97a74ba186deee68318a52637012ef6abf5be6282c659e1d1ba6ad08cf35ec85",
                "sha256:9d6452419e01a0f848aed0597f69fd10a4c2a7750c15d1b0607f86090a39dcf3",
                "sha256:9d7b021b8dde5d528363e474bc18bd6f79a9666eef89fb4859bcb8f0a536c9de",
                "sha256:a0ccf8e3dce7ca67d523a6020b7e3dbf4b26797a9a8db5cc4c7b5ef20fb64701",
                "sha256:a56a811d8821f7b9a594e3d0e0dd8bd39b25e3eea8963d5963263b90fd2ea5c2",
                "sha256:c5ea87da5fe4b6164c3854f3b0c9146811dbad0dd7fa74297683dfacc485ae1c",
                "sha256:c99b95e62cdda29c2e60235d7763447c168a6a877403e6f9ca5b2e2bb297c2ce",
                "sha256:c9ce7f3d8af14d7e04eb7eb41c5e5313c43508c252bb2b9eb53e51fc87ada9fd",
                "sha256:ca5ef1315fa67c241a657ab077be44f230c05740c95f0b46409457dceefdc7e5",
                "sha256:d2d3c50ee9847b743db6cd7b1bb17a94c2c2abc16679d70f5e745cabdf19e655",
                "sha256:d6d0eca28f886f0477cd0721ac688189155a587f2bb8eae740e52ca56c3ad23c",
                "sha256:dad6bf3fdd3752d7519422f3732be779b98fe7c87d32c3efe2fdffdcbeebb6ca",
                "sha256:db2f40d5a75fd9cdda473c58b0d8b294da6e0179f00bb3b1fc2f7f29cac09bea",
                "sha256:dc4444d61d48c5546df5137cdf81554887ddb6e2ef1be7f51eb77ea3b6bdd56f",
                "sha256:dcc285ee1f1d0e2672cc52f880fd3f564b1505de710e817f692fbf64a72ca657",
                "sha256:dd528dbb91eca16f7522c975d0f9e94b95f6b5024c82c3247dc0383d242d33c6",
                "sha256:e09044e9e1aa8512d6a9c7ce5f94b881824bcfc401105f3c24f546dfc3bb4aa5",
                "sha256:e18c9466131378421d00fc40b637425229238d506a073d9c537b230b355a25d6",
                "sha256:e1bb25986db77a48f632469c6bc61baf7508ce945aa6161c02180d4ee5ac5b8d",
                "sha256:e4b4cd440d50a9f8551b8989e856aab175593af07eb825cad22fd2f8f6f2ffce",
                "sha256:e627300a66a90651fb39e41601d447b1fdbbfffca3f08ef0278d6cc0436b2160",
                "sha256:e7a8e18677e0064b7a422f6653a622652d932826a27e50f279d55a8b122a1a83",
                "sha256:e8632f6b2ddb90f6f3950744bd65d5ef15af615e3034057fa30ff836f48a7179",
                "sha256:ea36f4f93524554a35cac2359df63b50af6556ed866830aa1f07f0d8580280ea",
                "sha256:f149e182d0eeef15d8a9b4c9dad1b87dc6eba3a99bd3c44a777a3a2b053a3dca",
                "sha256:fc2e5db54491e8f27785fc5204c96f540d3557dcf5b0a9a857b6594d6b32561b",
                "sha256:fc30e834f65b893d1b4c230070183bf98e6b70c41c1511687e8436a33d5ce49d",
                "sha256:fcc9586e17875c0cdf8764597955f9daa979098fd4f80be07ed68276ac225480",
                "sha256:ff961c3280d6ee5f4163f4772f963d7a4dbe42e36c6dd54b79ad436c1f046e5d"
            ],
            "index": "pypi",
            "version": "==2.1.2"
        },
        "pyserial": {
            "hashes": [
                "sha256:3c77e014170dfffbd816e6ffc205e9842efb10be9f58ec16d3e8675b4925cddb",
                "sha256:c4451db6ba391ca6ca299fb3ec7bae67a5c55dde170964c7a14ceefec02f2cf0"
            ],
            "version": "==3.5"
        },
        "python-rtmidi": {
            "hashes": [
                "sha256:04bd95dd86fef3fe8d72838f719d31875f107a842127024bfe276617961eed5d",
                "sha256:0f5409e1b2e92cfe377710a0ea5c450c58fda8b52ec4bf4baf517aa731d9f6a6",
                "sha256:2286ab096a5603430ab1e1a664fe4d96acc40f9443f44c27e911dfad85ea3ac8",
                "sha256:3d4b7fdb477d8036d51cce281b303686114ae676f1c83693db963ab01db11cf5",
                "sha256:4d75788163327f6ac1f898c29e3b4527da83dbc5bab5a7e614b6a4385fde3231",
                "sha256:54d40cb794a6b079105bfb923ab0b4d5f041e9eef5dc5cce25480e4c3e3fc2f6",
                "sha256:5dad7a28035eea9e24aaab4fcb756cd2b78c5b14835aa64750cb4062f77ec169",
                "sha256:69907663e0f167fcf3fc1632a792419d0d9d00550f94dca39370ebda3bc999db",
                "sha256:6f495672ec76700400d4dff6f8848dbd52ca60301ed6011a6a1b3a9e95a7a07e",
                "sha256:7d27d0a70e85d991f1451f286416cf5ef4514292b027155bf91dcae0b8c0d5d2",
                "sha256:8f7e154681c5d6ed7228ce8639708592da758ef4c0f575f7020854e07ca6478b",
                "sha256:bfeb4ed99d0cccf6fa2837566907652ded7adc1c03b69f2160c9de4082301302",
                "sha256:d201516bb1c64511e7e4de50533f6b828072113e3c26f3f5b657f11b90252073"
            ],
            "index": "pypi",
            "version": "==1.4.9"
        },
        "scipy": {
            "hashes": [
                "sha256:02b567e722d62bddd4ac253dafb01ce7ed8742cf8031aea030a41414b86c1125",
                "sha256:1166514aa3bbf04cb5941027c6e294a000bba0cf00f5cdac6c77f2dad479b434",
                "sha256:1da52b45ce1a24a4a22db6c157c38b39885a990a566748fc904ec9f03ed8c6ba",
                "sha256:23b22fbeef3807966ea42d8163322366dd89da9bebdc075da7034cee3a1441ca",
                "sha256:28d2cab0c6ac5aa131cc5071a3a1d8e1366dad82288d9ec2ca44df78fb50e649",
                "sha256:2ef0fbc8bcf102c1998c1f16f15befe7cffba90895d6e84861cd6c6a33fb54f6",
                "sha256:3b69b90c9419884efeffaac2c38376d6ef566e6e730a231e15722b0ab58f0328",
                "sha256:4b93ec6f4c3c4d041b26b5f179a6aab8f5045423117ae7a45ba9710301d7e462",
                "sha256:4e53a55f6a4f22de01ffe1d2f016e30adedb67a699a310cdcac312806807ca81",
                "sha256:6311e3ae9cc75f77c33076cb2794fb0606f14c8f1b1c9ff8ce6005ba2c283621",
                "sha256:65b77f20202599c51eb2771d11a6b899b97989159b7975e9b5259594f1d35ef4",
                "sha256:6cc6b33139eb63f30725d5f7fa175763dc2df6a8f38ddf8df971f7c345b652dc",
                "sha256:70de2f11bf64ca9921fda018864c78af7147025e467ce9f4a11bc877266900a6",
                "sha256:70ebc84134cf0c504ce6a5f12d6db92cb2a8a53a49437a6bb4edca0bc101f11c",
                "sha256:83606129247e7610b58d0e1e93d2c5133959e9cf93555d3c27e536892f1ba1f2",
                "sha256:93d07494a8900d55492401917a119948ed330b8c3f1d700e0b904a578f10ead4",
                "sha256:9c4e3ae8a716c8b3151e16c05edb1daf4cb4d866caa385e861556aff41300c14",
                "sha256:9dd4012ac599a1e7eb63c114d1eee1bcfc6dc75a29b589ff0ad0bb3d9412034f",
                "sha256:9e3fb1b0e896f14a85aa9a28d5f755daaeeb54c897b746df7a55ccb02b340f33",
                "sha256:a0aa8220b89b2e3748a2836fbfa116194378910f1a6e78e4675a095bcd2c762d",
                "sha256:d3b3c8924252caaffc54d4a99f1360aeec001e61267595561089f8b5900821bb",
                "sha256:e013aed00ed776d790be4cb32826adb72799c61e318676172495383ba4570aa4",
                "sha256:f3e7a8867f307e3359cc0ed2c63b61a1e33a19080f92fe377bc7d49f646f2ec1"
            ],
            "markers": "python_version < '3.11' and python_version >= '3.8'",
            "version": "==1.8.1"
        },
        "synthesizer": {
            "hashes": [
                "sha256:78ef2923ded53f4e6cfa661115ee5ada8b67cefe600815dd228578f03651d0f9"
            ],
            "index": "pypi",
            "version": "==0.2.0"
        },
        "tk": {
            "hashes": [
                "sha256:60bc8923d5d35f67f5c6bd93d4f0c49d2048114ec077768f959aef36d4ed97f8",
                "sha256:703a69ff0d5ba2bd2f7440582ad10160e4a6561595d33457dc6caa79b9bf4930"
            ],
            "index": "pypi",
            "version": "==0.1.0"
        }
    },
    "develop": {}
}
